<?xml version="1.0" encoding="utf-8"?>
<Project ToolsVersion="4.0" xmlns="http://schemas.microsoft.com/developer/msbuild/2003">
  <ItemGroup>
    <ClInclude Include="Src\main.h" />
    <ClInclude Include="Src\Application.h" />
    <ClInclude Include="Src\Scene\TitleScene.h" />
    <ClInclude Include="Src\Scene\SceneBase.h" />
    <ClInclude Include="Src\Scene\GameScene.h" />
    <ClInclude Include="Src\Object\Actor\Stage.h" />
    <ClInclude Include="Src\Object\Grid.h" />
    <ClInclude Include="Src\Common\Fader.h" />
    <ClInclude Include="Src\Manager\Camera.h" />
    <ClInclude Include="Src\Manager\EffectResManager.h" />
    <ClInclude Include="Src\Manager\SceneManager.h" />
    <ClInclude Include="Src\Object\Common\AnimationController.h" />
    <ClInclude Include="Src\Manager\FpsControll.h" />
    <ClInclude Include="Src\Object\Actor\Player.h" />
    <ClInclude Include="Src\Object\Actor\Enemy.h" />
    <ClInclude Include="Src\Utility\AngleUtility.h" />
    <ClInclude Include="Src\Utility\CollisionUtility.h" />
    <ClInclude Include="Src\Utility\Utility.h" />
    <ClInclude Include="Src\Utility\VectorUtility.h" />
    <ClInclude Include="Src\Object\Item.h" />
    <ClInclude Include="Src\Manager\Audio\AudioManager.h" />
    <ClInclude Include="Src\Manager\Audio\SoundTable.h" />
    <ClInclude Include="Src\Manager\Input\Controller.h" />
    <ClInclude Include="Src\Manager\Input\KeyMouse.h" />
    <ClInclude Include="Src\Manager\Pause.h" />
    <ClInclude Include="Src\Object\Actor\ActorBase.h" />
    <ClInclude Include="Src\Scene\Result\GameClear.h" />
    <ClInclude Include="Src\Scene\Result\GameOver.h" />
    <ClInclude Include="Src\Scene\Result\ResultBase.h" />
    <ClInclude Include="Src\Object\Common\Transform.h" />
    <ClInclude Include="Src\Object\Collider\ColliderBase.h" />
    <ClInclude Include="Src\Object\Collider\ColliderCapsule.h" />
    <ClInclude Include="Src\Object\Collider\ColliderLine.h" />
    <ClInclude Include="Src\Object\Collider\ColliderModel.h" />
    <ClInclude Include="Src\Object\Collider\ColliderSphere.h" />
    <ClInclude Include="Src\Object\Collision\CollisionBase.h" />
    <ClInclude Include="Src\Object\Collision\CollisionManager.h" />
  </ItemGroup>
  <ItemGroup>
    <ClCompile Include="Src\main.cpp" />
    <ClCompile Include="Src\Application.cpp" />
    <ClCompile Include="Src\Scene\TitleScene.cpp" />
    <ClCompile Include="Src\Scene\SceneBase.cpp" />
    <ClCompile Include="Src\Scene\GameScene.cpp" />
    <ClCompile Include="Src\Object\Actor\Stage.cpp" />
    <ClCompile Include="Src\Object\Grid.cpp" />
    <ClCompile Include="Src\Common\Fader.cpp" />
    <ClCompile Include="Src\Manager\Camera.cpp" />
    <ClCompile Include="Src\Manager\EffectResManager.cpp" />
    <ClCompile Include="Src\Manager\SceneManager.cpp" />
    <ClCompile Include="Src\Object\Common\AnimationController.cpp" />
    <ClCompile Include="Src\Manager\FpsControll.cpp" />
    <ClCompile Include="Src\Object\Actor\Player.cpp" />
    <ClCompile Include="Src\Object\Actor\Enemy.cpp" />
    <ClCompile Include="Src\Utility\AngleUtility.cpp" />
    <ClCompile Include="Src\Utility\CollisionUtility.cpp" />
    <ClCompile Include="Src\Utility\Utility.cpp" />
    <ClCompile Include="Src\Utility\VectorUtility.cpp" />
    <ClCompile Include="Src\Object\Item.cpp" />
    <ClCompile Include="Src\Manager\Audio\AudioManager.cpp" />
    <ClCompile Include="Src\Manager\Audio\SoundTable.cpp" />
    <ClCompile Include="Src\Manager\Input\Controller.cpp" />
    <ClCompile Include="Src\Manager\Input\KeyMouse.cpp" />
    <ClCompile Include="Src\Manager\Pause.cpp" />
    <ClCompile Include="Src\Object\Actor\ActorBase.cpp" />
    <ClCompile Include="Src\Scene\Result\GameClear.cpp" />
    <ClCompile Include="Src\Scene\Result\GameOver.cpp" />
    <ClCompile Include="Src\Scene\Result\ResultBase.cpp" />
    <ClCompile Include="Src\Object\Common\Transform.cpp" />
    <ClCompile Include="Src\Object\Collider\ColliderBase.cpp" />
    <ClCompile Include="Src\Object\Collider\ColliderCapsule.cpp" />
    <ClCompile Include="Src\Object\Collider\ColliderLine.cpp" />
    <ClCompile Include="Src\Object\Collider\ColliderModel.cpp" />
    <ClCompile Include="Src\Object\Collider\ColliderSphere.cpp" />
    <ClCompile Include="Src\Object\Collision\CollisionBase.cpp" />
    <ClCompile Include="Src\Object\Collision\CollisionManager.cpp" />
  </ItemGroup>
  <ItemGroup>
    <ResourceCompile Include="Data\Icon\icon.rc" />
  </ItemGroup>
  <ItemGroup>
    <FxCompile Include="Src\Common\Shader\PixelShader.hlsl" />
  </ItemGroup>
</Project>